{
  "version": 4,
  "terraform_version": "1.12.2",
  "serial": 43,
  "lineage": "ccba8687-d2e0-5ff5-0f1b-31c2c04201cf",
  "outputs": {
    "ecr_repository_url": {
      "value": "635186481360.dkr.ecr.us-east-1.amazonaws.com/medicure-app",
      "type": "string"
    },
    "eks_cluster_endpoint": {
      "value": "https://92A967C8BC7C2F22109459D6D4E52E13.gr7.us-east-1.eks.amazonaws.com",
      "type": "string"
    },
    "eks_cluster_name": {
      "value": "medicure-cluster-mdf",
      "type": "string"
    },
    "vpc_id": {
      "value": "vpc-0f1801d1360e5ef31",
      "type": "string"
    }
  },
  "resources": [
    {
      "mode": "data",
      "type": "aws_availability_zones",
      "name": "available",
      "provider": "provider[\"registry.terraform.io/hashicorp/aws\"]",
      "instances": [
        {
          "schema_version": 0,
          "attributes": {
            "all_availability_zones": null,
            "exclude_names": null,
            "exclude_zone_ids": null,
            "filter": null,
            "group_names": [
              "us-east-1-zg-1"
            ],
            "id": "us-east-1",
            "names": [
              "us-east-1a",
              "us-east-1b",
              "us-east-1c",
              "us-east-1d",
              "us-east-1e",
              "us-east-1f"
            ],
            "state": "available",
            "timeouts": null,
            "zone_ids": [
              "use1-az2",
              "use1-az4",
              "use1-az6",
              "use1-az1",
              "use1-az3",
              "use1-az5"
            ]
          },
          "sensitive_attributes": [],
          "identity_schema_version": 0
        }
      ]
    },
    {
      "mode": "managed",
      "type": "aws_ecr_repository",
      "name": "medicure",
      "provider": "provider[\"registry.terraform.io/hashicorp/aws\"]",
      "instances": [
        {
          "schema_version": 0,
          "attributes": {
            "arn": "arn:aws:ecr:us-east-1:635186481360:repository/medicure-app",
            "encryption_configuration": [
              {
                "encryption_type": "AES256",
                "kms_key": ""
              }
            ],
            "force_delete": null,
            "id": "medicure-app",
            "image_scanning_configuration": [
              {
                "scan_on_push": true
              }
            ],
            "image_tag_mutability": "MUTABLE",
            "name": "medicure-app",
            "registry_id": "635186481360",
            "repository_url": "635186481360.dkr.ecr.us-east-1.amazonaws.com/medicure-app",
            "tags": {
              "Name": "medicure-ecr"
            },
            "tags_all": {
              "Name": "medicure-ecr"
            },
            "timeouts": null
          },
          "sensitive_attributes": [],
          "identity_schema_version": 0,
          "private": "eyJlMmJmYjczMC1lY2FhLTExZTYtOGY4OC0zNDM2M2JjN2M0YzAiOnsiZGVsZXRlIjoxMjAwMDAwMDAwMDAwfX0="
        }
      ]
    },
    {
      "mode": "managed",
      "type": "aws_eks_cluster",
      "name": "medicure",
      "provider": "provider[\"registry.terraform.io/hashicorp/aws\"]",
      "instances": [
        {
          "schema_version": 1,
          "attributes": {
            "access_config": [
              {
                "authentication_mode": "CONFIG_MAP",
                "bootstrap_cluster_creator_admin_permissions": true
              }
            ],
            "arn": "arn:aws:eks:us-east-1:635186481360:cluster/medicure-cluster-mdf",
            "bootstrap_self_managed_addons": true,
            "certificate_authority": [
              {
                "data": "LS0tLS1CRUdJTiBDRVJUSUZJQ0FURS0tLS0tCk1JSURCVENDQWUyZ0F3SUJBZ0lJTUZnTHFpVEVGdHd3RFFZSktvWklodmNOQVFFTEJRQXdGVEVUTUJFR0ExVUUKQXhNS2EzVmlaWEp1WlhSbGN6QWVGdzB5TlRFd01EVXhNRFV6TXpKYUZ3MHpOVEV3TURNeE1EVTRNekphTUJVeApFekFSQmdOVkJBTVRDbXQxWW1WeWJtVjBaWE13Z2dFaU1BMEdDU3FHU0liM0RRRUJBUVVBQTRJQkR3QXdnZ0VLCkFvSUJBUURBV2VPWCtUVVVMTEpxTjBnVGx4amV2QS82bXNDdnFKNGd3VEdEbWZjWFNTcW93TjE5cEtvVk9aMzAKaHhIcG9id2crOGx1dlMyN0hFVXFLZldpVitNSlFuODJaSTdqaUVHV1ZRdUR1Rlpyai9FSi9jOVEyRUhhUjJYawoyMndYTWV0Nkp0NVlKcEtnaTQ0UUlpSjF5Tkdjc2NGVExLeDJBdE5HZkUvK04vZG80ZEE3cGFBdGhRdG9hbnU2Cm9lcVVKZ1laN0cra0JXN1RQbjJhTC83bm5oU0Z3ZUNTU2RkRnc1OXpocGl6QlgyWnh3M3Mwd3gvalJhRFhNUXYKT1hMZFZQWHdrZjR2L24zTjdDQS9BZ2VPSWM2bUtUUlRJdHZjVUdLdmRyOXJQbStnZDkvVkgyUUZRYnhZaCtWYgplNW9rYWFZaUFkQk5oRjdNUXJDeWpyN0lmUkdyQWdNQkFBR2pXVEJYTUE0R0ExVWREd0VCL3dRRUF3SUNwREFQCkJnTlZIUk1CQWY4RUJUQURBUUgvTUIwR0ExVWREZ1FXQkJSYmp2czFrdzhCZmpLSVNCSXJVazV4ZmNGM2JEQVYKQmdOVkhSRUVEakFNZ2dwcmRXSmxjbTVsZEdWek1BMEdDU3FHU0liM0RRRUJDd1VBQTRJQkFRQit3aGgrTnBGWAo5V0dVeXE2MVFvbHhkQkJpRGZUa1dUN0RzV3pHbDUvSHlGNUNCbXUwQVJ0dStoUHRXb0F0NXB0dU1tZy9TMHd5CnRQeXBKZWJzVjZhczNIWW9RZHk4VVlVY0pJb2REMmpISldWZ3MvcW4vYVY0dXFSYVp6dHMyTjJLVjh2MEg5OGgKZ0Vnb1ArZUNGSGNQekRrSHl1SGcrbE1pN1kyVzVEZlNYNGd6MkUxbWM3V2VnMkRoRzU1THNjSEM4MklhS2YyUgpZWHlEOXM1OHhtOWFsYlZIQUF1N0UvVlZ3RGtGL0JPb1VIME11M2ZrU3dlYTdhMURUN1MrVmhERGJuWVQwUlN6CnU3ZUlRS2lhSzdBQ2tnTThIRjJBZFEzdDBKUHZBVXhOSkgzVVhYa3NJajF5SXg4bk81NmZmVXdRNnNNUDRGN2cKZHVWTkNXeTdHUEs0Ci0tLS0tRU5EIENFUlRJRklDQVRFLS0tLS0K"
              }
            ],
            "cluster_id": null,
            "compute_config": [],
            "created_at": "2025-10-05T10:52:31Z",
            "enabled_cluster_log_types": null,
            "encryption_config": [],
            "endpoint": "https://92A967C8BC7C2F22109459D6D4E52E13.gr7.us-east-1.eks.amazonaws.com",
            "force_update_version": null,
            "id": "medicure-cluster-mdf",
            "identity": [
              {
                "oidc": [
                  {
                    "issuer": "https://oidc.eks.us-east-1.amazonaws.com/id/92A967C8BC7C2F22109459D6D4E52E13"
                  }
                ]
              }
            ],
            "kubernetes_network_config": [
              {
                "elastic_load_balancing": [
                  {
                    "enabled": false
                  }
                ],
                "ip_family": "ipv4",
                "service_ipv4_cidr": "172.20.0.0/16",
                "service_ipv6_cidr": ""
              }
            ],
            "name": "medicure-cluster-mdf",
            "outpost_config": [],
            "platform_version": "eks.16",
            "remote_network_config": [],
            "role_arn": "arn:aws:iam::635186481360:role/medicure-eks-cluster-role",
            "status": "ACTIVE",
            "storage_config": [],
            "tags": null,
            "tags_all": {},
            "timeouts": null,
            "upgrade_policy": [
              {
                "support_type": "EXTENDED"
              }
            ],
            "version": "1.33",
            "vpc_config": [
              {
                "cluster_security_group_id": "sg-02851702d5edf3cf5",
                "endpoint_private_access": false,
                "endpoint_public_access": true,
                "public_access_cidrs": [
                  "0.0.0.0/0"
                ],
                "security_group_ids": [
                  "sg-0e4f7ea72e4df7db5"
                ],
                "subnet_ids": [
                  "subnet-03ef776f14d8e30a9",
                  "subnet-0bab3d397ea0b2b26"
                ],
                "vpc_id": "vpc-0f1801d1360e5ef31"
              }
            ],
            "zonal_shift_config": []
          },
          "sensitive_attributes": [],
          "identity_schema_version": 0,
          "private": "eyJlMmJmYjczMC1lY2FhLTExZTYtOGY4OC0zNDM2M2JjN2M0YzAiOnsiY3JlYXRlIjoxODAwMDAwMDAwMDAwLCJkZWxldGUiOjkwMDAwMDAwMDAwMCwidXBkYXRlIjozNjAwMDAwMDAwMDAwfSwic2NoZW1hX3ZlcnNpb24iOiIxIn0=",
          "dependencies": [
            "aws_iam_role.eks_cluster",
            "aws_iam_role_policy_attachment.eks_cluster_policy",
            "aws_security_group.eks_cluster",
            "aws_subnet.public",
            "aws_vpc.medicure_vpc",
            "data.aws_availability_zones.available"
          ]
        }
      ]
    },
    {
      "mode": "managed",
      "type": "aws_eks_node_group",
      "name": "medicure",
      "provider": "provider[\"registry.terraform.io/hashicorp/aws\"]",
      "instances": [
        {
          "schema_version": 0,
          "attributes": {
            "ami_type": "AL2023_x86_64_STANDARD",
            "arn": "arn:aws:eks:us-east-1:635186481360:nodegroup/medicure-cluster-mdf/medicure-nodes/88ccda04-2b6c-a3f2-b321-ae13c23802bf",
            "capacity_type": "ON_DEMAND",
            "cluster_name": "medicure-cluster-mdf",
            "disk_size": 20,
            "force_update_version": null,
            "id": "medicure-cluster-mdf:medicure-nodes",
            "instance_types": [
              "t3.medium"
            ],
            "labels": null,
            "launch_template": [],
            "node_group_name": "medicure-nodes",
            "node_group_name_prefix": "",
            "node_repair_config": [],
            "node_role_arn": "arn:aws:iam::635186481360:role/medicure-eks-node-role",
            "release_version": "1.33.5-20250920",
            "remote_access": [],
            "resources": [
              {
                "autoscaling_groups": [
                  {
                    "name": "eks-medicure-nodes-88ccda04-2b6c-a3f2-b321-ae13c23802bf"
                  }
                ],
                "remote_access_security_group_id": ""
              }
            ],
            "scaling_config": [
              {
                "desired_size": 2,
                "max_size": 3,
                "min_size": 2
              }
            ],
            "status": "ACTIVE",
            "subnet_ids": [
              "subnet-03ef776f14d8e30a9",
              "subnet-0bab3d397ea0b2b26"
            ],
            "tags": null,
            "tags_all": {},
            "taint": [],
            "timeouts": null,
            "update_config": [
              {
                "max_unavailable": 1,
                "max_unavailable_percentage": 0
              }
            ],
            "version": "1.33"
          },
          "sensitive_attributes": [],
          "identity_schema_version": 0,
          "private": "eyJlMmJmYjczMC1lY2FhLTExZTYtOGY4OC0zNDM2M2JjN2M0YzAiOnsiY3JlYXRlIjozNjAwMDAwMDAwMDAwLCJkZWxldGUiOjM2MDAwMDAwMDAwMDAsInVwZGF0ZSI6MzYwMDAwMDAwMDAwMH19",
          "dependencies": [
            "aws_eks_cluster.medicure",
            "aws_iam_role.eks_cluster",
            "aws_iam_role.eks_nodes",
            "aws_iam_role_policy_attachment.eks_cluster_policy",
            "aws_iam_role_policy_attachment.eks_cni",
            "aws_iam_role_policy_attachment.eks_registry",
            "aws_iam_role_policy_attachment.eks_worker_node",
            "aws_security_group.eks_cluster",
            "aws_subnet.public",
            "aws_vpc.medicure_vpc",
            "data.aws_availability_zones.available"
          ]
        }
      ]
    },
    {
      "mode": "managed",
      "type": "aws_iam_role",
      "name": "eks_cluster",
      "provider": "provider[\"registry.terraform.io/hashicorp/aws\"]",
      "instances": [
        {
          "schema_version": 0,
          "attributes": {
            "arn": "arn:aws:iam::635186481360:role/medicure-eks-cluster-role",
            "assume_role_policy": "{\"Statement\":[{\"Action\":\"sts:AssumeRole\",\"Effect\":\"Allow\",\"Principal\":{\"Service\":\"eks.amazonaws.com\"}}],\"Version\":\"2012-10-17\"}",
            "create_date": "2025-10-05T10:36:15Z",
            "description": "",
            "force_detach_policies": false,
            "id": "medicure-eks-cluster-role",
            "inline_policy": [],
            "managed_policy_arns": [
              "arn:aws:iam::aws:policy/AmazonEKSClusterPolicy"
            ],
            "max_session_duration": 3600,
            "name": "medicure-eks-cluster-role",
            "name_prefix": "",
            "path": "/",
            "permissions_boundary": "",
            "tags": {},
            "tags_all": {},
            "unique_id": "AROAZHZAQRDIJPT2RMR6C"
          },
          "sensitive_attributes": [],
          "identity_schema_version": 0,
          "private": "bnVsbA=="
        }
      ]
    },
    {
      "mode": "managed",
      "type": "aws_iam_role",
      "name": "eks_nodes",
      "provider": "provider[\"registry.terraform.io/hashicorp/aws\"]",
      "instances": [
        {
          "schema_version": 0,
          "attributes": {
            "arn": "arn:aws:iam::635186481360:role/medicure-eks-node-role",
            "assume_role_policy": "{\"Statement\":[{\"Action\":\"sts:AssumeRole\",\"Effect\":\"Allow\",\"Principal\":{\"Service\":\"ec2.amazonaws.com\"}}],\"Version\":\"2012-10-17\"}",
            "create_date": "2025-10-05T10:36:15Z",
            "description": "",
            "force_detach_policies": false,
            "id": "medicure-eks-node-role",
            "inline_policy": [],
            "managed_policy_arns": [
              "arn:aws:iam::aws:policy/AmazonEC2ContainerRegistryReadOnly",
              "arn:aws:iam::aws:policy/AmazonEKSWorkerNodePolicy",
              "arn:aws:iam::aws:policy/AmazonEKS_CNI_Policy"
            ],
            "max_session_duration": 3600,
            "name": "medicure-eks-node-role",
            "name_prefix": "",
            "path": "/",
            "permissions_boundary": "",
            "tags": {},
            "tags_all": {},
            "unique_id": "AROAZHZAQRDIPRSLOLXGQ"
          },
          "sensitive_attributes": [],
          "identity_schema_version": 0,
          "private": "bnVsbA=="
        }
      ]
    },
    {
      "mode": "managed",
      "type": "aws_iam_role_policy_attachment",
      "name": "eks_cluster_policy",
      "provider": "provider[\"registry.terraform.io/hashicorp/aws\"]",
      "instances": [
        {
          "schema_version": 0,
          "attributes": {
            "id": "medicure-eks-cluster-role-20251005103617439700000001",
            "policy_arn": "arn:aws:iam::aws:policy/AmazonEKSClusterPolicy",
            "role": "medicure-eks-cluster-role"
          },
          "sensitive_attributes": [],
          "identity_schema_version": 0,
          "private": "bnVsbA==",
          "dependencies": [
            "aws_iam_role.eks_cluster"
          ]
        }
      ]
    },
    {
      "mode": "managed",
      "type": "aws_iam_role_policy_attachment",
      "name": "eks_cni",
      "provider": "provider[\"registry.terraform.io/hashicorp/aws\"]",
      "instances": [
        {
          "schema_version": 0,
          "attributes": {
            "id": "medicure-eks-node-role-20251005103617533100000002",
            "policy_arn": "arn:aws:iam::aws:policy/AmazonEKS_CNI_Policy",
            "role": "medicure-eks-node-role"
          },
          "sensitive_attributes": [],
          "identity_schema_version": 0,
          "private": "bnVsbA==",
          "dependencies": [
            "aws_iam_role.eks_nodes"
          ]
        }
      ]
    },
    {
      "mode": "managed",
      "type": "aws_iam_role_policy_attachment",
      "name": "eks_registry",
      "provider": "provider[\"registry.terraform.io/hashicorp/aws\"]",
      "instances": [
        {
          "schema_version": 0,
          "attributes": {
            "id": "medicure-eks-node-role-20251005103617941100000004",
            "policy_arn": "arn:aws:iam::aws:policy/AmazonEC2ContainerRegistryReadOnly",
            "role": "medicure-eks-node-role"
          },
          "sensitive_attributes": [],
          "identity_schema_version": 0,
          "private": "bnVsbA==",
          "dependencies": [
            "aws_iam_role.eks_nodes"
          ]
        }
      ]
    },
    {
      "mode": "managed",
      "type": "aws_iam_role_policy_attachment",
      "name": "eks_worker_node",
      "provider": "provider[\"registry.terraform.io/hashicorp/aws\"]",
      "instances": [
        {
          "schema_version": 0,
          "attributes": {
            "id": "medicure-eks-node-role-20251005103617786500000003",
            "policy_arn": "arn:aws:iam::aws:policy/AmazonEKSWorkerNodePolicy",
            "role": "medicure-eks-node-role"
          },
          "sensitive_attributes": [],
          "identity_schema_version": 0,
          "private": "bnVsbA==",
          "dependencies": [
            "aws_iam_role.eks_nodes"
          ]
        }
      ]
    },
    {
      "mode": "managed",
      "type": "aws_internet_gateway",
      "name": "medicure_igw",
      "provider": "provider[\"registry.terraform.io/hashicorp/aws\"]",
      "instances": [
        {
          "schema_version": 0,
          "attributes": {
            "arn": "arn:aws:ec2:us-east-1:635186481360:internet-gateway/igw-0c496a2cac5b68f69",
            "id": "igw-0c496a2cac5b68f69",
            "owner_id": "635186481360",
            "tags": {
              "Name": "medicure-igw"
            },
            "tags_all": {
              "Name": "medicure-igw"
            },
            "timeouts": null,
            "vpc_id": "vpc-0f1801d1360e5ef31"
          },
          "sensitive_attributes": [],
          "identity_schema_version": 0,
          "private": "eyJlMmJmYjczMC1lY2FhLTExZTYtOGY4OC0zNDM2M2JjN2M0YzAiOnsiY3JlYXRlIjoxMjAwMDAwMDAwMDAwLCJkZWxldGUiOjEyMDAwMDAwMDAwMDAsInVwZGF0ZSI6MTIwMDAwMDAwMDAwMH19",
          "dependencies": [
            "aws_vpc.medicure_vpc"
          ]
        }
      ]
    },
    {
      "mode": "managed",
      "type": "aws_key_pair",
      "name": "medicure",
      "provider": "provider[\"registry.terraform.io/hashicorp/aws\"]",
      "instances": [
        {
          "schema_version": 1,
          "attributes": {
            "arn": "arn:aws:ec2:us-east-1:635186481360:key-pair/medicure-key",
            "fingerprint": "bf:2e:85:f1:ed:ae:53:52:39:fe:3c:c0:3d:a4:ad:85",
            "id": "medicure-key",
            "key_name": "medicure-key",
            "key_name_prefix": "",
            "key_pair_id": "key-09564be7da2a8828f",
            "key_type": "rsa",
            "public_key": "ssh-rsa AAAAB3NzaC1yc2EAAAADAQABAAACAQDCZPBORSQgmHK1B8I3GdTBjZTsHaX5mhknGinByCdO6aZsrs8dHUqlidwOafOhUALjnBJ16U1QLqvtxdAhjrBvpYNnLXj9Puz8YYm4b/E0HOBz+dcIMmQw/GGti4QV8eg6HhytqATd98OWgAzwlLt9qIBHiCG6cS/MRUgvGdr0EY5EuNLiWIDVKnsMY/WA6yBOhQ/bc2go1rjuo/ECeh8Bwar4HHGwREsn1cveb05ebufYxk8/crFrPSwNn6nNS8YILRNjlxDjLTr1xHex2VMd2z/3DNZwCaDNtJbOczolBj7zWykCSPT8sWj2EEe/j5B7/Ji7DNFn7Wcr8idVKVbf7eer6Yey38JY3SgUVWo7BlIeyycsap18mzS7Alg0b1UYHoc0TCgKnpwF4TKW6RxEOUn9fQ0cxr0fBbLwkfcVx2A1Sdz8b9t9AkPmmNa1G2DbXtY+mySylKYUtVgk7eFHVQk+Q9xbc4XlkNBqMczFca/VBOkBnJcniyUS7wGNKm96pcppknN7J2PUNGLNcDtoLjiux90TfoPvWDTVuZFXyWdkMSIL0u0Ulz+bmY0PgK4RfGlqwl9ijUFIxmat2lGa7EQ8Ma3FwgRff87IGjryVGG5/jn17YjvUsx0LgCdwmeIMLsAUB24zAvceoRo1kDY5tGxH39bEqGqXPas7DHwoQ== ahmed@Ahmed_Zia",
            "tags": {},
            "tags_all": {}
          },
          "sensitive_attributes": [],
          "identity_schema_version": 0,
          "private": "eyJzY2hlbWFfdmVyc2lvbiI6IjEifQ=="
        }
      ]
    },
    {
      "mode": "managed",
      "type": "aws_route_table",
      "name": "public",
      "provider": "provider[\"registry.terraform.io/hashicorp/aws\"]",
      "instances": [
        {
          "schema_version": 0,
          "attributes": {
            "arn": "arn:aws:ec2:us-east-1:635186481360:route-table/rtb-0d70c47823c1e7aae",
            "id": "rtb-0d70c47823c1e7aae",
            "owner_id": "635186481360",
            "propagating_vgws": [],
            "route": [
              {
                "carrier_gateway_id": "",
                "cidr_block": "0.0.0.0/0",
                "core_network_arn": "",
                "destination_prefix_list_id": "",
                "egress_only_gateway_id": "",
                "gateway_id": "igw-0c496a2cac5b68f69",
                "ipv6_cidr_block": "",
                "local_gateway_id": "",
                "nat_gateway_id": "",
                "network_interface_id": "",
                "transit_gateway_id": "",
                "vpc_endpoint_id": "",
                "vpc_peering_connection_id": ""
              }
            ],
            "tags": {
              "Name": "medicure-public-rt"
            },
            "tags_all": {
              "Name": "medicure-public-rt"
            },
            "timeouts": null,
            "vpc_id": "vpc-0f1801d1360e5ef31"
          },
          "sensitive_attributes": [],
          "identity_schema_version": 0,
          "private": "eyJlMmJmYjczMC1lY2FhLTExZTYtOGY4OC0zNDM2M2JjN2M0YzAiOnsiY3JlYXRlIjozMDAwMDAwMDAwMDAsImRlbGV0ZSI6MzAwMDAwMDAwMDAwLCJ1cGRhdGUiOjEyMDAwMDAwMDAwMH19",
          "dependencies": [
            "aws_internet_gateway.medicure_igw",
            "aws_vpc.medicure_vpc"
          ]
        }
      ]
    },
    {
      "mode": "managed",
      "type": "aws_route_table_association",
      "name": "public",
      "provider": "provider[\"registry.terraform.io/hashicorp/aws\"]",
      "instances": [
        {
          "index_key": 0,
          "schema_version": 0,
          "attributes": {
            "gateway_id": "",
            "id": "rtbassoc-0289a2f804870f028",
            "route_table_id": "rtb-0d70c47823c1e7aae",
            "subnet_id": "subnet-0bab3d397ea0b2b26",
            "timeouts": null
          },
          "sensitive_attributes": [],
          "identity_schema_version": 0,
          "private": "eyJlMmJmYjczMC1lY2FhLTExZTYtOGY4OC0zNDM2M2JjN2M0YzAiOnsiY3JlYXRlIjozMDAwMDAwMDAwMDAsImRlbGV0ZSI6MzAwMDAwMDAwMDAwLCJ1cGRhdGUiOjEyMDAwMDAwMDAwMH19",
          "dependencies": [
            "aws_internet_gateway.medicure_igw",
            "aws_route_table.public",
            "aws_subnet.public",
            "aws_vpc.medicure_vpc",
            "data.aws_availability_zones.available"
          ]
        },
        {
          "index_key": 1,
          "schema_version": 0,
          "attributes": {
            "gateway_id": "",
            "id": "rtbassoc-048cd4a319bbdb60c",
            "route_table_id": "rtb-0d70c47823c1e7aae",
            "subnet_id": "subnet-03ef776f14d8e30a9",
            "timeouts": null
          },
          "sensitive_attributes": [],
          "identity_schema_version": 0,
          "private": "eyJlMmJmYjczMC1lY2FhLTExZTYtOGY4OC0zNDM2M2JjN2M0YzAiOnsiY3JlYXRlIjozMDAwMDAwMDAwMDAsImRlbGV0ZSI6MzAwMDAwMDAwMDAwLCJ1cGRhdGUiOjEyMDAwMDAwMDAwMH19",
          "dependencies": [
            "aws_internet_gateway.medicure_igw",
            "aws_route_table.public",
            "aws_subnet.public",
            "aws_vpc.medicure_vpc",
            "data.aws_availability_zones.available"
          ]
        }
      ]
    },
    {
      "mode": "managed",
      "type": "aws_security_group",
      "name": "eks_cluster",
      "provider": "provider[\"registry.terraform.io/hashicorp/aws\"]",
      "instances": [
        {
          "schema_version": 1,
          "attributes": {
            "arn": "arn:aws:ec2:us-east-1:635186481360:security-group/sg-0e4f7ea72e4df7db5",
            "description": "Security group for EKS cluster",
            "egress": [
              {
                "cidr_blocks": [
                  "0.0.0.0/0"
                ],
                "description": "",
                "from_port": 0,
                "ipv6_cidr_blocks": [],
                "prefix_list_ids": [],
                "protocol": "-1",
                "security_groups": [],
                "self": false,
                "to_port": 0
              }
            ],
            "id": "sg-0e4f7ea72e4df7db5",
            "ingress": [],
            "name": "medicure-eks-sg",
            "name_prefix": "",
            "owner_id": "635186481360",
            "revoke_rules_on_delete": false,
            "tags": {
              "Name": "medicure-eks-sg"
            },
            "tags_all": {
              "Name": "medicure-eks-sg"
            },
            "timeouts": null,
            "vpc_id": "vpc-0f1801d1360e5ef31"
          },
          "sensitive_attributes": [],
          "identity_schema_version": 0,
          "private": "eyJlMmJmYjczMC1lY2FhLTExZTYtOGY4OC0zNDM2M2JjN2M0YzAiOnsiY3JlYXRlIjo2MDAwMDAwMDAwMDAsImRlbGV0ZSI6OTAwMDAwMDAwMDAwfSwic2NoZW1hX3ZlcnNpb24iOiIxIn0=",
          "dependencies": [
            "aws_vpc.medicure_vpc"
          ]
        }
      ]
    },
    {
      "mode": "managed",
      "type": "aws_security_group",
      "name": "jenkins",
      "provider": "provider[\"registry.terraform.io/hashicorp/aws\"]",
      "instances": [
        {
          "schema_version": 1,
          "attributes": {
            "arn": "arn:aws:ec2:us-east-1:635186481360:security-group/sg-097d25dd85f94b462",
            "description": "Security group for Jenkins",
            "egress": [
              {
                "cidr_blocks": [
                  "0.0.0.0/0"
                ],
                "description": "",
                "from_port": 0,
                "ipv6_cidr_blocks": [],
                "prefix_list_ids": [],
                "protocol": "-1",
                "security_groups": [],
                "self": false,
                "to_port": 0
              }
            ],
            "id": "sg-097d25dd85f94b462",
            "ingress": [
              {
                "cidr_blocks": [
                  "0.0.0.0/0"
                ],
                "description": "",
                "from_port": 22,
                "ipv6_cidr_blocks": [],
                "prefix_list_ids": [],
                "protocol": "tcp",
                "security_groups": [],
                "self": false,
                "to_port": 22
              },
              {
                "cidr_blocks": [
                  "0.0.0.0/0"
                ],
                "description": "",
                "from_port": 8080,
                "ipv6_cidr_blocks": [],
                "prefix_list_ids": [],
                "protocol": "tcp",
                "security_groups": [],
                "self": false,
                "to_port": 8080
              }
            ],
            "name": "medicure-jenkins-sg",
            "name_prefix": "",
            "owner_id": "635186481360",
            "revoke_rules_on_delete": false,
            "tags": {
              "Name": "medicure-jenkins-sg"
            },
            "tags_all": {
              "Name": "medicure-jenkins-sg"
            },
            "timeouts": null,
            "vpc_id": "vpc-0f1801d1360e5ef31"
          },
          "sensitive_attributes": [],
          "identity_schema_version": 0,
          "private": "eyJlMmJmYjczMC1lY2FhLTExZTYtOGY4OC0zNDM2M2JjN2M0YzAiOnsiY3JlYXRlIjo2MDAwMDAwMDAwMDAsImRlbGV0ZSI6OTAwMDAwMDAwMDAwfSwic2NoZW1hX3ZlcnNpb24iOiIxIn0=",
          "dependencies": [
            "aws_vpc.medicure_vpc"
          ]
        }
      ]
    },
    {
      "mode": "managed",
      "type": "aws_subnet",
      "name": "public",
      "provider": "provider[\"registry.terraform.io/hashicorp/aws\"]",
      "instances": [
        {
          "index_key": 0,
          "schema_version": 1,
          "attributes": {
            "arn": "arn:aws:ec2:us-east-1:635186481360:subnet/subnet-0bab3d397ea0b2b26",
            "assign_ipv6_address_on_creation": false,
            "availability_zone": "us-east-1a",
            "availability_zone_id": "use1-az2",
            "cidr_block": "10.0.1.0/24",
            "customer_owned_ipv4_pool": "",
            "enable_dns64": false,
            "enable_lni_at_device_index": 0,
            "enable_resource_name_dns_a_record_on_launch": false,
            "enable_resource_name_dns_aaaa_record_on_launch": false,
            "id": "subnet-0bab3d397ea0b2b26",
            "ipv6_cidr_block": "",
            "ipv6_cidr_block_association_id": "",
            "ipv6_native": false,
            "map_customer_owned_ip_on_launch": false,
            "map_public_ip_on_launch": true,
            "outpost_arn": "",
            "owner_id": "635186481360",
            "private_dns_hostname_type_on_launch": "ip-name",
            "tags": {
              "Name": "medicure-public-1",
              "kubernetes.io/cluster/medicure-cluster-mdf": "shared",
              "kubernetes.io/role/elb": "1"
            },
            "tags_all": {
              "Name": "medicure-public-1",
              "kubernetes.io/cluster/medicure-cluster-mdf": "shared",
              "kubernetes.io/role/elb": "1"
            },
            "timeouts": null,
            "vpc_id": "vpc-0f1801d1360e5ef31"
          },
          "sensitive_attributes": [],
          "identity_schema_version": 0,
          "private": "eyJlMmJmYjczMC1lY2FhLTExZTYtOGY4OC0zNDM2M2JjN2M0YzAiOnsiY3JlYXRlIjo2MDAwMDAwMDAwMDAsImRlbGV0ZSI6MTIwMDAwMDAwMDAwMH0sInNjaGVtYV92ZXJzaW9uIjoiMSJ9",
          "dependencies": [
            "aws_vpc.medicure_vpc",
            "data.aws_availability_zones.available"
          ]
        },
        {
          "index_key": 1,
          "schema_version": 1,
          "attributes": {
            "arn": "arn:aws:ec2:us-east-1:635186481360:subnet/subnet-03ef776f14d8e30a9",
            "assign_ipv6_address_on_creation": false,
            "availability_zone": "us-east-1b",
            "availability_zone_id": "use1-az4",
            "cidr_block": "10.0.2.0/24",
            "customer_owned_ipv4_pool": "",
            "enable_dns64": false,
            "enable_lni_at_device_index": 0,
            "enable_resource_name_dns_a_record_on_launch": false,
            "enable_resource_name_dns_aaaa_record_on_launch": false,
            "id": "subnet-03ef776f14d8e30a9",
            "ipv6_cidr_block": "",
            "ipv6_cidr_block_association_id": "",
            "ipv6_native": false,
            "map_customer_owned_ip_on_launch": false,
            "map_public_ip_on_launch": true,
            "outpost_arn": "",
            "owner_id": "635186481360",
            "private_dns_hostname_type_on_launch": "ip-name",
            "tags": {
              "Name": "medicure-public-2",
              "kubernetes.io/cluster/medicure-cluster-mdf": "shared",
              "kubernetes.io/role/elb": "1"
            },
            "tags_all": {
              "Name": "medicure-public-2",
              "kubernetes.io/cluster/medicure-cluster-mdf": "shared",
              "kubernetes.io/role/elb": "1"
            },
            "timeouts": null,
            "vpc_id": "vpc-0f1801d1360e5ef31"
          },
          "sensitive_attributes": [],
          "identity_schema_version": 0,
          "private": "eyJlMmJmYjczMC1lY2FhLTExZTYtOGY4OC0zNDM2M2JjN2M0YzAiOnsiY3JlYXRlIjo2MDAwMDAwMDAwMDAsImRlbGV0ZSI6MTIwMDAwMDAwMDAwMH0sInNjaGVtYV92ZXJzaW9uIjoiMSJ9",
          "dependencies": [
            "aws_vpc.medicure_vpc",
            "data.aws_availability_zones.available"
          ]
        }
      ]
    },
    {
      "mode": "managed",
      "type": "aws_vpc",
      "name": "medicure_vpc",
      "provider": "provider[\"registry.terraform.io/hashicorp/aws\"]",
      "instances": [
        {
          "schema_version": 1,
          "attributes": {
            "arn": "arn:aws:ec2:us-east-1:635186481360:vpc/vpc-0f1801d1360e5ef31",
            "assign_generated_ipv6_cidr_block": false,
            "cidr_block": "10.0.0.0/16",
            "default_network_acl_id": "acl-0054815e5a1ef8275",
            "default_route_table_id": "rtb-00fbd20d3dd8832c7",
            "default_security_group_id": "sg-0299322f63ed7542a",
            "dhcp_options_id": "dopt-06d3626ed89042578",
            "enable_dns_hostnames": true,
            "enable_dns_support": true,
            "enable_network_address_usage_metrics": false,
            "id": "vpc-0f1801d1360e5ef31",
            "instance_tenancy": "default",
            "ipv4_ipam_pool_id": null,
            "ipv4_netmask_length": null,
            "ipv6_association_id": "",
            "ipv6_cidr_block": "",
            "ipv6_cidr_block_network_border_group": "",
            "ipv6_ipam_pool_id": "",
            "ipv6_netmask_length": 0,
            "main_route_table_id": "rtb-00fbd20d3dd8832c7",
            "owner_id": "635186481360",
            "tags": {
              "Name": "medicure-vpc"
            },
            "tags_all": {
              "Name": "medicure-vpc"
            }
          },
          "sensitive_attributes": [],
          "identity_schema_version": 0,
          "private": "eyJzY2hlbWFfdmVyc2lvbiI6IjEifQ=="
        }
      ]
    }
  ],
  "check_results": null
}
